
Microsoft Visual Studio Solution File, Format Version 12.00
# Visual Studio Version 17
VisualStudioVersion = 17.2.32602.215
MinimumVisualStudioVersion = 10.0.40219.1
Project("{9A19103F-16F7-4668-BE54-9A1E7A4F7556}") = "ExternalClient", "ExternalClient\ExternalClient.csproj", "{6241CD5A-B6CB-4366-90EE-236443686B5E}"
EndProject
Project("{9A19103F-16F7-4668-BE54-9A1E7A4F7556}") = "AzureServer", "AzureServer\AzureServer.csproj", "{DB80E474-C134-468D-99D2-E0ACAE2A292B}"
EndProject
Project("{9A19103F-16F7-4668-BE54-9A1E7A4F7556}") = "AzureClient", "AzureClient\AzureClient.csproj", "{F71F726B-6CCC-4DAA-A2C8-321CE3ED6D21}"
EndProject
Project("{9A19103F-16F7-4668-BE54-9A1E7A4F7556}") = "Infrastructure", "Infrastructure\Infrastructure.csproj", "{2A0FBB92-2AFF-4D88-84F8-F51A383D654C}"
EndProject
Project("{FAE04EC0-301F-11D3-BF4B-00C04F79EFBC}") = "Shared", "Shared\Shared.csproj", "{9358B3AD-B24E-4C54-A692-FBBF50EF9C3B}"
EndProject
Global
	GlobalSection(SolutionConfigurationPlatforms) = preSolution
		Debug|Any CPU = Debug|Any CPU
		Release|Any CPU = Release|Any CPU
	EndGlobalSection
	GlobalSection(ProjectConfigurationPlatforms) = postSolution
		{6241CD5A-B6CB-4366-90EE-236443686B5E}.Debug|Any CPU.ActiveCfg = Debug|Any CPU
		{6241CD5A-B6CB-4366-90EE-236443686B5E}.Debug|Any CPU.Build.0 = Debug|Any CPU
		{6241CD5A-B6CB-4366-90EE-236443686B5E}.Release|Any CPU.ActiveCfg = Release|Any CPU
		{6241CD5A-B6CB-4366-90EE-236443686B5E}.Release|Any CPU.Build.0 = Release|Any CPU
		{DB80E474-C134-468D-99D2-E0ACAE2A292B}.Debug|Any CPU.ActiveCfg = Debug|Any CPU
		{DB80E474-C134-468D-99D2-E0ACAE2A292B}.Debug|Any CPU.Build.0 = Debug|Any CPU
		{DB80E474-C134-468D-99D2-E0ACAE2A292B}.Release|Any CPU.ActiveCfg = Release|Any CPU
		{DB80E474-C134-468D-99D2-E0ACAE2A292B}.Release|Any CPU.Build.0 = Release|Any CPU
		{F71F726B-6CCC-4DAA-A2C8-321CE3ED6D21}.Debug|Any CPU.ActiveCfg = Debug|Any CPU
		{F71F726B-6CCC-4DAA-A2C8-321CE3ED6D21}.Debug|Any CPU.Build.0 = Debug|Any CPU
		{F71F726B-6CCC-4DAA-A2C8-321CE3ED6D21}.Release|Any CPU.ActiveCfg = Release|Any CPU
		{F71F726B-6CCC-4DAA-A2C8-321CE3ED6D21}.Release|Any CPU.Build.0 = Release|Any CPU
		{2A0FBB92-2AFF-4D88-84F8-F51A383D654C}.Debug|Any CPU.ActiveCfg = Debug|Any CPU
		{2A0FBB92-2AFF-4D88-84F8-F51A383D654C}.Debug|Any CPU.Build.0 = Debug|Any CPU
		{2A0FBB92-2AFF-4D88-84F8-F51A383D654C}.Release|Any CPU.ActiveCfg = Release|Any CPU
		{2A0FBB92-2AFF-4D88-84F8-F51A383D654C}.Release|Any CPU.Build.0 = Release|Any CPU
		{9358B3AD-B24E-4C54-A692-FBBF50EF9C3B}.Debug|Any CPU.ActiveCfg = Debug|Any CPU
		{9358B3AD-B24E-4C54-A692-FBBF50EF9C3B}.Debug|Any CPU.Build.0 = Debug|Any CPU
		{9358B3AD-B24E-4C54-A692-FBBF50EF9C3B}.Release|Any CPU.ActiveCfg = Release|Any CPU
		{9358B3AD-B24E-4C54-A692-FBBF50EF9C3B}.Release|Any CPU.Build.0 = Release|Any CPU
	EndGlobalSection
	GlobalSection(SolutionProperties) = preSolution
		HideSolutionNode = FALSE
	EndGlobalSection
	GlobalSection(ExtensibilityGlobals) = postSolution
		SolutionGuid = {19EF05CB-09D7-4FB1-9E7B-D676858E8830}
	EndGlobalSection
EndGlobal
