Microsoft Visual Studio Solution File, Format Version 12.00
# Visual Studio Version 17
VisualStudioVersion = 17.5.2.0
MinimumVisualStudioVersion = 10.0.40219.1
Project("{FAE04EC0-301F-11D3-BF4B-00C04F79EFBC}") = "Infrastructure", "Infrastructure.csproj", "{C31BC1BF-27A4-486C-A518-E1D170C0C737}"
EndProject
Global
	GlobalSection(SolutionConfigurationPlatforms) = preSolution
		Debug|Any CPU = Debug|Any CPU
		Release|Any CPU = Release|Any CPU
	EndGlobalSection
	GlobalSection(ProjectConfigurationPlatforms) = postSolution
		{C31BC1BF-27A4-486C-A518-E1D170C0C737}.Debug|Any CPU.ActiveCfg = Debug|Any CPU
		{C31BC1BF-27A4-486C-A518-E1D170C0C737}.Debug|Any CPU.Build.0 = Debug|Any CPU
		{C31BC1BF-27A4-486C-A518-E1D170C0C737}.Release|Any CPU.ActiveCfg = Release|Any CPU
		{C31BC1BF-27A4-486C-A518-E1D170C0C737}.Release|Any CPU.Build.0 = Release|Any CPU
	EndGlobalSection
	GlobalSection(SolutionProperties) = preSolution
		HideSolutionNode = FALSE
	EndGlobalSection
	GlobalSection(ExtensibilityGlobals) = postSolution
		SolutionGuid = {1CCD6EA6-88C3-42F1-9EAB-A5CF9D1A53C7}
	EndGlobalSection
EndGlobal
